
Microsoft Visual Studio Solution File, Format Version 12.00
# Visual Studio Version 16
VisualStudioVersion = 16.0.30309.148
MinimumVisualStudioVersion = 10.0.40219.1
Project("{FAE04EC0-301F-11D3-BF4B-00C04F79EFBC}") = "UsersInstructionsTutorial", "UsersInstructionsTutorial\UsersInstructionsTutorial.csproj", "{0BDA5A8F-C5DB-4217-8B6D-3B83527AE0DF}"
EndProject
Global
	GlobalSection(SolutionConfigurationPlatforms) = preSolution
		Debug|Any CPU = Debug|Any CPU
		Release|Any CPU = Release|Any CPU
	EndGlobalSection
	GlobalSection(ProjectConfigurationPlatforms) = postSolution
		{0BDA5A8F-C5DB-4217-8B6D-3B83527AE0DF}.Debug|Any CPU.ActiveCfg = Debug|Any CPU
		{0BDA5A8F-C5DB-4217-8B6D-3B83527AE0DF}.Debug|Any CPU.Build.0 = Debug|Any CPU
		{0BDA5A8F-C5DB-4217-8B6D-3B83527AE0DF}.Release|Any CPU.ActiveCfg = Release|Any CPU
		{0BDA5A8F-C5DB-4217-8B6D-3B83527AE0DF}.Release|Any CPU.Build.0 = Release|Any CPU
	EndGlobalSection
	GlobalSection(SolutionProperties) = preSolution
		HideSolutionNode = FALSE
	EndGlobalSection
	GlobalSection(ExtensibilityGlobals) = postSolution
		SolutionGuid = {B457E888-C913-487F-B116-704E32B231B1}
	EndGlobalSection
EndGlobal
